
Microsoft Visual Studio Solution File, Format Version 12.00
# Visual Studio 15
VisualStudioVersion = 15.0.28307.438
MinimumVisualStudioVersion = 10.0.40219.1
Project("{FAE04EC0-301F-11D3-BF4B-00C04F79EFBC}") = "Lab_3e", "Lab_3e\Lab_3e.csproj", "{1CD2E46C-77F4-4500-A57D-FE4CD548E0F1}"
EndProject
Global
	GlobalSection(SolutionConfigurationPlatforms) = preSolution
		Debug|Any CPU = Debug|Any CPU
		Release|Any CPU = Release|Any CPU
	EndGlobalSection
	GlobalSection(ProjectConfigurationPlatforms) = postSolution
		{1CD2E46C-77F4-4500-A57D-FE4CD548E0F1}.Debug|Any CPU.ActiveCfg = Debug|Any CPU
		{1CD2E46C-77F4-4500-A57D-FE4CD548E0F1}.Debug|Any CPU.Build.0 = Debug|Any CPU
		{1CD2E46C-77F4-4500-A57D-FE4CD548E0F1}.Release|Any CPU.ActiveCfg = Release|Any CPU
		{1CD2E46C-77F4-4500-A57D-FE4CD548E0F1}.Release|Any CPU.Build.0 = Release|Any CPU
	EndGlobalSection
	GlobalSection(SolutionProperties) = preSolution
		HideSolutionNode = FALSE
	EndGlobalSection
	GlobalSection(ExtensibilityGlobals) = postSolution
		SolutionGuid = {1C1B5FF7-B500-4EFC-A6E2-F7D13D2A1527}
	EndGlobalSection
EndGlobal
